<?xml version="1.0" encoding="utf-8"?>
<Project ToolsVersion="4.0" xmlns="http://schemas.microsoft.com/developer/msbuild/2003">
  <ItemGroup>
    <Filter Include="Source Files">
      <UniqueIdentifier>{4FC737F1-C7A5-4376-A066-2A32D752A2FF}</UniqueIdentifier>
      <Extensions>cpp;c;cc;cxx;def;odl;idl;hpj;bat;asm;asmx</Extensions>
    </Filter>
    <Filter Include="Header Files">
      <UniqueIdentifier>{93995380-89BD-4b04-88EB-625FBE52EBFB}</UniqueIdentifier>
      <Extensions>h;hh;hpp;hxx;hm;inl;inc;xsd</Extensions>
    </Filter>
    <Filter Include="Misc Files">
      <UniqueIdentifier>{67DA6AB6-F800-4c08-8B7A-83BB121AAD01}</UniqueIdentifier>
      <Extensions>xml;json;txt;rc;ico;cur;bmp;dlg;rc2;rct;bin;rgs;gif;jpg;jpeg;jpe;resx;tiff;tif;png;wav;mfcribbon-ms</Extensions>
    </Filter>
  </ItemGroup>
  <ItemGroup>
    <None Include="MVMFirmwareCore.ino" />
    <None Include="src\arduino folders read me.txt">
      <Filter>Misc Files</Filter>
    </None>
  </ItemGroup>
  <ItemGroup>
    <ClInclude Include="__vm\.MVMFirmwareCore.vsarduino.h">
      <Filter>Header Files</Filter>
    </ClInclude>
    <ClInclude Include="HAL.h">
      <Filter>Header Files</Filter>
    </ClInclude>
    <ClInclude Include="hw_ard_esp32.h">
      <Filter>Header Files</Filter>
    </ClInclude>
    <ClInclude Include="fw_board_razzeto_v3.h">
      <Filter>Header Files</Filter>
    </ClInclude>
    <ClInclude Include="driver_5525DSO.h">
      <Filter>Header Files</Filter>
    </ClInclude>
    <ClInclude Include="generic_definitions.h">
      <Filter>Header Files</Filter>
    </ClInclude>
    <ClInclude Include="DebugIface.h">
      <Filter>Header Files</Filter>
    </ClInclude>
    <ClInclude Include="DriverContext.h">
      <Filter>Header Files</Filter>
    </ClInclude>
    <ClInclude Include="driver_SFM3019.h">
      <Filter>Header Files</Filter>
    </ClInclude>
    <ClInclude Include="PressureLoop.h">
      <Filter>Header Files</Filter>
    </ClInclude>
    <ClInclude Include="driver_VenturiFlowMeter.h">
      <Filter>Header Files</Filter>
    </ClInclude>
    <ClInclude Include="CircularBuffer.h">
      <Filter>Header Files</Filter>
    </ClInclude>
    <ClInclude Include="hw.h">
      <Filter>Header Files</Filter>
    </ClInclude>
    <ClInclude Include="MVM_StateMachine.h">
      <Filter>Header Files</Filter>
    </ClInclude>
    <ClInclude Include="MVMCore.h">
      <Filter>Header Files</Filter>
    </ClInclude>
    <ClInclude Include="ConfigManager.h">
      <Filter>Header Files</Filter>
    </ClInclude>
    <ClInclude Include="Configuration.h">
      <Filter>Header Files</Filter>
    </ClInclude>
    <ClInclude Include="fw_board_ni_v4.h">
      <Filter>Header Files</Filter>
    </ClInclude>
  </ItemGroup>
  <ItemGroup>
    <ClCompile Include="HAL.cpp">
      <Filter>Source Files</Filter>
    </ClCompile>
    <ClCompile Include="hw_ard_esp32.cpp">
      <Filter>Source Files</Filter>
    </ClCompile>
    <ClCompile Include="fw_board_razzeto_v3.cpp">
      <Filter>Source Files</Filter>
    </ClCompile>
    <ClCompile Include="driver_5525DSO.cpp">
      <Filter>Source Files</Filter>
    </ClCompile>
    <ClCompile Include="DebugIface.cpp">
      <Filter>Source Files</Filter>
    </ClCompile>
    <ClCompile Include="driver_SFM3019.cpp">
      <Filter>Source Files</Filter>
    </ClCompile>
    <ClCompile Include="PressureLoop.cpp">
      <Filter>Source Files</Filter>
    </ClCompile>
    <ClCompile Include="driver_VenturiFlowMeter.cpp">
      <Filter>Source Files</Filter>
    </ClCompile>
    <ClCompile Include="CircularBuffer.cpp">
      <Filter>Source Files</Filter>
    </ClCompile>
    <ClCompile Include="MVM_StateMachine.cpp">
      <Filter>Source Files</Filter>
    </ClCompile>
    <ClCompile Include="MVMCore.cpp">
      <Filter>Source Files</Filter>
    </ClCompile>
    <ClCompile Include="ConfigManager.cpp">
      <Filter>Source Files</Filter>
    </ClCompile>
    <ClCompile Include="fw_board_ni_v4.cpp">
      <Filter>Source Files</Filter>
    </ClCompile>
  </ItemGroup>
</Project>